{
  "version": 2,
  "dependencies": {
    "net10.0": {
      "DistributedLock.Core": {
        "type": "Transitive",
        "resolved": "1.0.8",
        "contentHash": "LAOsY8WxX8JU/n3lfXFz+f2pfnv0+4bHkCrOO3bwa28u9HrS3DlxSG6jf+u76SqesKs+KehZi0CndkfaUXBKvg=="
      },
      "DistributedLock.Postgres": {
        "type": "Transitive",
        "resolved": "1.3.0",
        "contentHash": "CyjXmbhFgG30qPg4DwGnsmZO63y5DBRo+PI2xW0NwtFrsYsMVt/T1RcEUlb36JMKhDkf+euhnkanv/nU+W35qA==",
        "dependencies": {
          "DistributedLock.Core": "[1.0.8, 1.1.0)",
          "Npgsql": "8.0.6"
        }
      },
      "FastExpressionCompiler": {
        "type": "Transitive",
        "resolved": "5.4.1",
        "contentHash": "nqMykMspK5cQd35Y8ulQzAujxCcCwZVUne32pC5xNpXqrbPCuKOPMWkKHJ3LveAZPm6dsVvump0TJ1SZ9RzfTQ=="
      },
      "ImTools": {
        "type": "Transitive",
        "resolved": "4.0.0",
        "contentHash": "dms0JfLKC9AQbQX/EdpRjn59EjEvaCxIgv1z9YxbEQb5SiOVoo7vlIKdEySeEwUkWhN05rZnNpUpG+aw5VqPVQ=="
      },
      "JasperFx": {
        "type": "Transitive",
        "resolved": "2.36.2",
        "contentHash": "SFDUWVnF28mgE9Gd2ts7JUjPnzMOOv5ZFhFJmNTb1sfbp5ZPBL6tq87Kmqy1RGktEzSIXR+eY+6iyHuKRfW5jQ==",
        "dependencies": {
          "FastExpressionCompiler": "5.4.1",
          "ImTools": "4.0.0",
          "Microsoft.Bcl.TimeProvider": "10.0.0",
          "Polly.Core": "8.6.5",
          "Spectre.Console": "0.55.0"
        }
      },
      "JasperFx.Events": {
        "type": "Transitive",
        "resolved": "2.36.2",
        "contentHash": "M+IUiVq8vK/hRAE1CsHrMWzIUj/wgrtGKRJAY/YeEoD+dcSvE3yymogiuv2DorvnwjzgIDsZBKBBNAGmlrm25A==",
        "dependencies": {
          "JasperFx": "2.36.2"
        }
      },
      "Microsoft.Bcl.TimeProvider": {
        "type": "Transitive",
        "resolved": "10.0.0",
        "contentHash": "bUubrBD6tRJE3V1kvRloYc6NymH3R5oFKjAS9e0ELNx6u0ZR+zjps9dDQyjgqN/rArzl7f+21KGszj3YRN7F2Q=="
      },
      "Microsoft.IO.RecyclableMemoryStream": {
        "type": "Transitive",
        "resolved": "3.0.1",
        "contentHash": "s/s20YTVY9r9TPfTrN5g8zPF1YhwxyqO6PxUkrYTGI2B+OGPe9AdajWZrLhFqXIvqIW23fnUE4+ztrUWNU1+9g=="
      },
      "NetTopologySuite": {
        "type": "Transitive",
        "resolved": "2.5.0",
        "contentHash": "5/+2O2ADomEdUn09mlSigACdqvAf0m/pVPGtIPEPQWnyrVykYY0NlfXLIdkMgi41kvH9kNrPqYaFBTZtHYH7Xw=="
      },
      "NetTopologySuite.IO.PostGis": {
        "type": "Transitive",
        "resolved": "2.1.0",
        "contentHash": "3W8XTFz8iP6GQ5jDXK1/LANHiU+988k1kmmuPWNKcJLpmSg6CvFpbTpz+s4+LBzkAp64wHGOldSlkSuzYfrIKA==",
        "dependencies": {
          "NetTopologySuite": "[2.0.0, 3.0.0-A)"
        }
      },
      "Npgsql": {
        "type": "Transitive",
        "resolved": "9.0.4",
        "contentHash": "68BASXH0FAEuL/J4J0eRfYC8/3vzqQTmoW8zDzNf0JgaVxc7LZeEkS6jaG0ib3voFLxY5ZiCwJG+uQM+mzuu0Q=="
      },
      "Npgsql.NetTopologySuite": {
        "type": "Transitive",
        "resolved": "9.0.4",
        "contentHash": "7AwBLPz8EPmgAXveZ55K0Tz/9bNb8j4VI4pkTOQjyHrce8wWfAA9pefm3REidy+Kt2UFiAWef34YVi7sb/kB4A==",
        "dependencies": {
          "NetTopologySuite": "2.5.0",
          "NetTopologySuite.IO.PostGIS": "2.1.0",
          "Npgsql": "9.0.4"
        }
      },
      "Polly.Core": {
        "type": "Transitive",
        "resolved": "8.6.5",
        "contentHash": "t+sUVrIwvo7UmsgHGgOG9F0GDZSRIm47u2ylH17Gvcv1q5hNEwgD5GoBlFyc0kh/pebmPyrAgvGsR/65ZBaXlg=="
      },
      "Spectre.Console": {
        "type": "Transitive",
        "resolved": "0.55.0",
        "contentHash": "2TVhUHFsDux0Z+y2Hv4bFsOMuON4SuotEEKkMparFkp5Rm259naaaEQrN4Sv6C1cbsiGKPjfkJDGgUp+hZPjTw==",
        "dependencies": {
          "Spectre.Console.Ansi": "0.55.0"
        }
      },
      "Spectre.Console.Ansi": {
        "type": "Transitive",
        "resolved": "0.55.0",
        "contentHash": "GIfgOvuF8MpU52bprhwtDEtx0gmVIGOepM8bw0lH/TSMD0rg1Xp+5Y53kPG8rFVdcpbNANlhDQ5mEVVPO3/2Tg=="
      },
      "Weasel.Core": {
        "type": "Transitive",
        "resolved": "9.17.0",
        "contentHash": "KkIlUx6QS9i1+yk2klpUXeLFaXNWP77+CHQWPnx1wn3QKCz78PNAymI+Lsk/q35Rajzhp+mH7yr7aJrayYttsw==",
        "dependencies": {
          "JasperFx": "2.24.1"
        }
      },
      "Weasel.Postgresql": {
        "type": "Transitive",
        "resolved": "9.17.0",
        "contentHash": "gnRO4Gh280a3OURLHC1uaJZ7eTCDR3ECIpzOJBlUq5vtzHdRFVoZdwQQLxh2WhA1dKeFYNxMeYcMeluG2qDAVg==",
        "dependencies": {
          "DistributedLock.Postgres": "1.3.0",
          "JasperFx.Events": "2.0.0",
          "Npgsql": "9.0.4",
          "Npgsql.NetTopologySuite": "9.0.4",
          "Weasel.Core": "9.17.0"
        }
      },
      "Weasel.Storage": {
        "type": "Transitive",
        "resolved": "9.17.0",
        "contentHash": "r7s13H1xMDx9JK/MiqTRKzZ3rkh2kx9cQMGsoQ2kBsOFaA4F8CMpmkKW+9rC13OAVIxJroaJuGYU0kGMvpFPcg==",
        "dependencies": {
          "JasperFx.Events": "2.0.0",
          "Weasel.Core": "9.17.0"
        }
      },
      "innovorium.aspnetcore.identity.marten": {
        "type": "Project",
        "dependencies": {
          "Marten": "[9.21.0, 10.0.0)"
        }
      },
      "Marten": {
        "type": "CentralTransitive",
        "requested": "[9.21.0, 10.0.0)",
        "resolved": "9.21.0",
        "contentHash": "Tz7oOu2OSE4HaIdK5y2L80qJVvOHTNJ2ofoduAHhSQ6yDaoLDhG+JfpRaJMI0RYHrTmzUE1mz3wXkR2lD5iOPQ==",
        "dependencies": {
          "JasperFx": "2.36.2",
          "JasperFx.Events": "2.36.2",
          "Microsoft.IO.RecyclableMemoryStream": "3.0.1",
          "Weasel.Postgresql": "9.17.0",
          "Weasel.Storage": "9.17.0"
        }
      }
    }
  }
}